<?xml version="1.0" encoding="utf-8"?>
<Project ToolsVersion="4.0" xmlns="http://schemas.microsoft.com/developer/msbuild/2003">
  <ItemGroup>
    <ClCompile Include="PVZ2ExpansionMod.cpp" />
    <ClCompile Include="memUtils.cpp" />
    <ClCompile Include="Substrate\SubstrateHook.cpp" />
    <ClCompile Include="Substrate\SubstratePosixMemory.cpp" />
    <ClCompile Include="Reflection\ReflectionBuilder.cpp" />
    <ClCompile Include="Sexy\RtClass.cpp" />
    <ClCompile Include="Sexy\DelegateBase.cpp" />
    <ClCompile Include="PvZ2\StageModule.cpp" />
    <ClCompile Include="SexyUtils.cpp" />
    <ClCompile Include="PvZ2\Plant_PowerLily.cpp" />
    <ClCompile Include="PvZ2\ZombieType.cpp" />
    <ClCompile Include="PvZ2\Zombie_EightiesArcade.cpp" />
    <ClCompile Include="PvZ2\Zombie_Camel.cpp" />
    <ClCompile Include="PvZ2\Zombie_Bull.cpp" />
    <ClCompile Include="PvZ2\Chairracer.cpp" />
    <ClCompile Include="PvZ2\LevelModuleManager.cpp" />
    <ClCompile Include="PvZ2\Zombie_BullVeteran.cpp" />
  </ItemGroup>
  <ItemGroup>
    <ClInclude Include="PVZ2ExpansionMod.h" />
    <ClInclude Include="pch.h" />
    <ClInclude Include="memUtils.h" />
    <ClInclude Include="Logging.h" />
    <ClInclude Include="SexyTypes.h" />
    <ClInclude Include="PvZ2\Board.h" />
    <ClInclude Include="Sexy\RtObject.h" />
    <ClInclude Include="Sexy\RtClass.h" />
    <ClInclude Include="Reflection\RClass.h" />
    <ClInclude Include="Reflection\ReflectionFieldType.h" />
    <ClInclude Include="Reflection\RSimpleType.h" />
    <ClInclude Include="Reflection\RField.h" />
    <ClInclude Include="Substrate\SubstrateARM.hpp" />
    <ClInclude Include="Substrate\CydiaSubstrate.h" />
    <ClInclude Include="Substrate\SubstrateHook.h" />
    <ClInclude Include="PvZ2\GameObject.h" />
    <ClInclude Include="Sexy\RtWeakPtr.h" />
    <ClInclude Include="PvZ2\PropertySheetBase.h" />
    <ClInclude Include="Reflection\CRefManualSymbolBuilder.h" />
    <ClInclude Include="Reflection\RClassRef.h" />
    <ClInclude Include="Reflection\ReflectionBuilder.h" />
    <ClInclude Include="Reflection\RCustomType\TStdVectorManipulator.h" />
    <ClInclude Include="Sexy\PopAnim.h" />
    <ClInclude Include="Sexy\Image.h" />
    <ClInclude Include="Sexy\Graphics.h" />
    <ClInclude Include="Sexy\BaseResource.h" />
    <ClInclude Include="Sexy\Color.h" />
    <ClInclude Include="Sexy\DelegateBase.h" />
    <ClInclude Include="Sexy\SexyApp.h" />
    <ClInclude Include="Reflection\RSymbol.h" />
    <ClInclude Include="Reflection\RType.h" />
    <ClInclude Include="PvZ2\PlantPropertySheet.h" />
    <ClInclude Include="PvZ2\Plant.h" />
    <ClInclude Include="PvZ2\BoardEntity.h" />
    <ClInclude Include="PvZ2\ModularRealObject.h" />
    <ClInclude Include="PvZ2\RealObject.h" />
    <ClInclude Include="PvZ2\ZombiePropertySheet.h" />
    <ClInclude Include="PvZ2\Zombie.h" />
    <ClInclude Include="PvZ2\Projectile.h" />
    <ClInclude Include="PvZ2\GridItem.h" />
    <ClInclude Include="PvZ2\GridItemPropertySheet.h" />
    <ClInclude Include="PvZ2\EntityConditions.h" />
    <ClInclude Include="PvZ2\StringRestrictionSet.h" />
    <ClInclude Include="PvZ2\ProjectilePropertySheet.h" />
    <ClInclude Include="PvZ2\CollisionTypeFlags.h" />
    <ClInclude Include="PvZ2\DamageTypeFlags.h" />
    <ClInclude Include="PvZ2\DamageInfo.h" />
    <ClInclude Include="PvZ2\ZombieConditions.h" />
    <ClInclude Include="PvZ2\PlantAction.h" />
    <ClInclude Include="PvZ2\PlantFramework.h" />
    <ClInclude Include="PvZ2\TimeMgr.h" />
    <ClInclude Include="PvZ2\ObjectTypeDescriptor.h" />
    <ClInclude Include="PvZ2\LevelModule.h" />
    <ClInclude Include="PvZ2\LevelModuleProperties.h" />
    <ClInclude Include="PvZ2\StageModuleProperties.h" />
    <ClInclude Include="PvZ2\LevelDefinition.h" />
    <ClInclude Include="PvZ2\LevelModuleManager.h" />
    <ClInclude Include="Sexy\Event.h" />
    <ClInclude Include="PvZ2\StageModule.h" />
    <ClInclude Include="PvZ2\WorldMap.h" />
    <ClInclude Include="PvZ2\Delegate.h" />
    <ClInclude Include="SexyUtils.h" />
    <ClInclude Include="PvZ2\Plant_PowerLily.h" />
    <ClInclude Include="PvZ2\ZombieType.h" />
    <ClInclude Include="PvZ2\PlantType.h" />
    <ClInclude Include="PvZ2\PopAnimRig.h" />
    <ClInclude Include="Sexy\RtReflectionDelegateBase.h" />
    <ClInclude Include="PvZ2\ZombieAnimRig.h" />
    <ClInclude Include="PvZ2\PlantAnimRig.h" />
    <ClInclude Include="PvZ2\PlantConditions.h" />
    <ClInclude Include="PvZ2\ZombieWithActionsProps.h" />
    <ClInclude Include="PvZ2\Zombie_EightiesArcade.h" />
    <ClInclude Include="PvZ2\AttachedEffectManager.h" />
    <ClInclude Include="PvZ2\Zombie_Camel.h" />
    <ClInclude Include="PvZ2\Zombie_Bull.h" />
    <ClInclude Include="PvZ2\Bullrider.h" />
    <ClInclude Include="PvZ2\Chairracer.h" />
    <ClInclude Include="Component.h" />
    <ClInclude Include="PvZ2\PacketCursor.h" />
    <ClInclude Include="PvZ2\ZombieParticle.h" />
    <ClInclude Include="PvZ2\Effect_PopAnim.h" />
    <ClInclude Include="PvZ2\StandaloneEffect.h" />
    <ClInclude Include="PvZ2\AnimationSequenceEntry.h" />
    <ClInclude Include="PvZ2\ZombieEvent.h" />
    <ClInclude Include="PvZ2\MessageRouter.h" />
    <ClInclude Include="PvZ2\Messages.h" />
    <ClInclude Include="PvZ2\PlantSpikeweed.h" />
    <ClInclude Include="PvZ2\Zombie_BullVeteran.h" />
  </ItemGroup>
  <ItemGroup>
    <None Include=".gitignore" />
    <None Include=".gitattributes" />
    <None Include="README.md" />
  </ItemGroup>
</Project>